// !$*UTF8*$!
{
	archiveVersion = 1;
	classes = {
	};
	objectVersion = 56;
	objects = {

/* Begin PBXBuildFile section */
		BF0529B329C997060063880C /* UITextField+Ext.swift in Sources */ = {isa = PBXBuildFile; fileRef = BF0529B229C997060063880C /* UITextField+Ext.swift */; };
		BF98847C29CC3739009D7188 /* DetailViewController.swift in Sources */ = {isa = PBXBuildFile; fileRef = BF98847B29CC3739009D7188 /* DetailViewController.swift */; };
		BF9B5FF029C8341200A23BF2 /* AppDelegate.swift in Sources */ = {isa = PBXBuildFile; fileRef = BF9B5FEF29C8341200A23BF2 /* AppDelegate.swift */; };
		BF9B5FF229C8341200A23BF2 /* SceneDelegate.swift in Sources */ = {isa = PBXBuildFile; fileRef = BF9B5FF129C8341200A23BF2 /* SceneDelegate.swift */; };
		BF9B5FF429C8341200A23BF2 /* ViewController.swift in Sources */ = {isa = PBXBuildFile; fileRef = BF9B5FF329C8341200A23BF2 /* ViewController.swift */; };
		BF9B5FF729C8341200A23BF2 /* Main.storyboard in Resources */ = {isa = PBXBuildFile; fileRef = BF9B5FF529C8341200A23BF2 /* Main.storyboard */; };
		BF9B5FF929C8341300A23BF2 /* Assets.xcassets in Resources */ = {isa = PBXBuildFile; fileRef = BF9B5FF829C8341300A23BF2 /* Assets.xcassets */; };
		BF9B5FFC29C8341300A23BF2 /* LaunchScreen.storyboard in Resources */ = {isa = PBXBuildFile; fileRef = BF9B5FFA29C8341300A23BF2 /* LaunchScreen.storyboard */; };
		BF9B600729C8341300A23BF2 /* LisumTests.swift in Sources */ = {isa = PBXBuildFile; fileRef = BF9B600629C8341300A23BF2 /* LisumTests.swift */; };
		BF9B601129C8341300A23BF2 /* LisumUITests.swift in Sources */ = {isa = PBXBuildFile; fileRef = BF9B601029C8341300A23BF2 /* LisumUITests.swift */; };
		BF9B601329C8341300A23BF2 /* LisumUITestsLaunchTests.swift in Sources */ = {isa = PBXBuildFile; fileRef = BF9B601229C8341300A23BF2 /* LisumUITestsLaunchTests.swift */; };
		BF9B602129C8344B00A23BF2 /* SearchViewController.swift in Sources */ = {isa = PBXBuildFile; fileRef = BF9B602029C8344B00A23BF2 /* SearchViewController.swift */; };
		BF9B602329C836D500A23BF2 /* NetworkManager.swift in Sources */ = {isa = PBXBuildFile; fileRef = BF9B602229C836D500A23BF2 /* NetworkManager.swift */; };
		BF9B602529C837BA00A23BF2 /* SearchResult.swift in Sources */ = {isa = PBXBuildFile; fileRef = BF9B602429C837BA00A23BF2 /* SearchResult.swift */; };
		BF9B602A29C8384E00A23BF2 /* LisumError.swift in Sources */ = {isa = PBXBuildFile; fileRef = BF9B602929C8384E00A23BF2 /* LisumError.swift */; };
		BF9B602E29C83B6B00A23BF2 /* LisumTextField.swift in Sources */ = {isa = PBXBuildFile; fileRef = BF9B602D29C83B6B00A23BF2 /* LisumTextField.swift */; };
		BF9B603029C83ED600A23BF2 /* MediaListViewController.swift in Sources */ = {isa = PBXBuildFile; fileRef = BF9B602F29C83ED600A23BF2 /* MediaListViewController.swift */; };
		BF9B603229C8438500A23BF2 /* UIHelper.swift in Sources */ = {isa = PBXBuildFile; fileRef = BF9B603129C8438500A23BF2 /* UIHelper.swift */; };
		BF9B603429C843C400A23BF2 /* MediaInfoCell.swift in Sources */ = {isa = PBXBuildFile; fileRef = BF9B603329C843C400A23BF2 /* MediaInfoCell.swift */; };
		BF9B603629C8462400A23BF2 /* Constants.swift in Sources */ = {isa = PBXBuildFile; fileRef = BF9B603529C8462400A23BF2 /* Constants.swift */; };
		BF9B603829C8465600A23BF2 /* AlbumCoverImageView.swift in Sources */ = {isa = PBXBuildFile; fileRef = BF9B603729C8465600A23BF2 /* AlbumCoverImageView.swift */; };
		BF9B603A29C8612200A23BF2 /* MediaListViewController2.swift in Sources */ = {isa = PBXBuildFile; fileRef = BF9B603929C8612200A23BF2 /* MediaListViewController2.swift */; };
		BF9B603C29C8616D00A23BF2 /* MediaListTableViewCell.swift in Sources */ = {isa = PBXBuildFile; fileRef = BF9B603B29C8616D00A23BF2 /* MediaListTableViewCell.swift */; };
		BF9B603F29C868FE00A23BF2 /* UIViewController+Ext.swift in Sources */ = {isa = PBXBuildFile; fileRef = BF9B603E29C868FE00A23BF2 /* UIViewController+Ext.swift */; };
		BF9B604129C8693200A23BF2 /* LisumEmptyView.swift in Sources */ = {isa = PBXBuildFile; fileRef = BF9B604029C8693200A23BF2 /* LisumEmptyView.swift */; };
		BF9B604329C8696200A23BF2 /* LisumTitleLabel.swift in Sources */ = {isa = PBXBuildFile; fileRef = BF9B604229C8696200A23BF2 /* LisumTitleLabel.swift */; };
		BF9B604529C8B72200A23BF2 /* LisumAlertViewController.swift in Sources */ = {isa = PBXBuildFile; fileRef = BF9B604429C8B72200A23BF2 /* LisumAlertViewController.swift */; };
		BF9B604729C8B81700A23BF2 /* LisumContainerView.swift in Sources */ = {isa = PBXBuildFile; fileRef = BF9B604629C8B81700A23BF2 /* LisumContainerView.swift */; };
		BF9B604929C8B84300A23BF2 /* LisumBodyLabel.swift in Sources */ = {isa = PBXBuildFile; fileRef = BF9B604829C8B84300A23BF2 /* LisumBodyLabel.swift */; };
		BF9B604B29C8B87900A23BF2 /* LisumButton.swift in Sources */ = {isa = PBXBuildFile; fileRef = BF9B604A29C8B87900A23BF2 /* LisumButton.swift */; };
		BF9B604F29C8BD4E00A23BF2 /* LoadingViewController.swift in Sources */ = {isa = PBXBuildFile; fileRef = BF9B604E29C8BD4E00A23BF2 /* LoadingViewController.swift */; };
		BF9B605129C8BED400A23BF2 /* DotsAnimationView.swift in Sources */ = {isa = PBXBuildFile; fileRef = BF9B605029C8BED400A23BF2 /* DotsAnimationView.swift */; };
/* End PBXBuildFile section */

/* Begin PBXContainerItemProxy section */
		BF9B600329C8341300A23BF2 /* PBXContainerItemProxy */ = {
			isa = PBXContainerItemProxy;
			containerPortal = BF9B5FE429C8341200A23BF2 /* Project object */;
			proxyType = 1;
			remoteGlobalIDString = BF9B5FEB29C8341200A23BF2;
			remoteInfo = Lisum;
		};
		BF9B600D29C8341300A23BF2 /* PBXContainerItemProxy */ = {
			isa = PBXContainerItemProxy;
			containerPortal = BF9B5FE429C8341200A23BF2 /* Project object */;
			proxyType = 1;
			remoteGlobalIDString = BF9B5FEB29C8341200A23BF2;
			remoteInfo = Lisum;
		};
/* End PBXContainerItemProxy section */

/* Begin PBXFileReference section */
		BF0529B229C997060063880C /* UITextField+Ext.swift */ = {isa = PBXFileReference; lastKnownFileType = sourcecode.swift; path = "UITextField+Ext.swift"; sourceTree = "<group>"; };
		BF98847B29CC3739009D7188 /* DetailViewController.swift */ = {isa = PBXFileReference; lastKnownFileType = sourcecode.swift; path = DetailViewController.swift; sourceTree = "<group>"; };
		BF9B5FEC29C8341200A23BF2 /* Lisum.app */ = {isa = PBXFileReference; explicitFileType = wrapper.application; includeInIndex = 0; path = Lisum.app; sourceTree = BUILT_PRODUCTS_DIR; };
		BF9B5FEF29C8341200A23BF2 /* AppDelegate.swift */ = {isa = PBXFileReference; lastKnownFileType = sourcecode.swift; path = AppDelegate.swift; sourceTree = "<group>"; };
		BF9B5FF129C8341200A23BF2 /* SceneDelegate.swift */ = {isa = PBXFileReference; lastKnownFileType = sourcecode.swift; path = SceneDelegate.swift; sourceTree = "<group>"; };
		BF9B5FF329C8341200A23BF2 /* ViewController.swift */ = {isa = PBXFileReference; lastKnownFileType = sourcecode.swift; path = ViewController.swift; sourceTree = "<group>"; };
		BF9B5FF629C8341200A23BF2 /* Base */ = {isa = PBXFileReference; lastKnownFileType = file.storyboard; name = Base; path = Base.lproj/Main.storyboard; sourceTree = "<group>"; };
		BF9B5FF829C8341300A23BF2 /* Assets.xcassets */ = {isa = PBXFileReference; lastKnownFileType = folder.assetcatalog; path = Assets.xcassets; sourceTree = "<group>"; };
		BF9B5FFB29C8341300A23BF2 /* Base */ = {isa = PBXFileReference; lastKnownFileType = file.storyboard; name = Base; path = Base.lproj/LaunchScreen.storyboard; sourceTree = "<group>"; };
		BF9B5FFD29C8341300A23BF2 /* Info.plist */ = {isa = PBXFileReference; lastKnownFileType = text.plist.xml; path = Info.plist; sourceTree = "<group>"; };
		BF9B600229C8341300A23BF2 /* LisumTests.xctest */ = {isa = PBXFileReference; explicitFileType = wrapper.cfbundle; includeInIndex = 0; path = LisumTests.xctest; sourceTree = BUILT_PRODUCTS_DIR; };
		BF9B600629C8341300A23BF2 /* LisumTests.swift */ = {isa = PBXFileReference; lastKnownFileType = sourcecode.swift; path = LisumTests.swift; sourceTree = "<group>"; };
		BF9B600C29C8341300A23BF2 /* LisumUITests.xctest */ = {isa = PBXFileReference; explicitFileType = wrapper.cfbundle; includeInIndex = 0; path = LisumUITests.xctest; sourceTree = BUILT_PRODUCTS_DIR; };
		BF9B601029C8341300A23BF2 /* LisumUITests.swift */ = {isa = PBXFileReference; lastKnownFileType = sourcecode.swift; path = LisumUITests.swift; sourceTree = "<group>"; };
		BF9B601229C8341300A23BF2 /* LisumUITestsLaunchTests.swift */ = {isa = PBXFileReference; lastKnownFileType = sourcecode.swift; path = LisumUITestsLaunchTests.swift; sourceTree = "<group>"; };
		BF9B602029C8344B00A23BF2 /* SearchViewController.swift */ = {isa = PBXFileReference; lastKnownFileType = sourcecode.swift; path = SearchViewController.swift; sourceTree = "<group>"; };
		BF9B602229C836D500A23BF2 /* NetworkManager.swift */ = {isa = PBXFileReference; lastKnownFileType = sourcecode.swift; path = NetworkManager.swift; sourceTree = "<group>"; };
		BF9B602429C837BA00A23BF2 /* SearchResult.swift */ = {isa = PBXFileReference; lastKnownFileType = sourcecode.swift; path = SearchResult.swift; sourceTree = "<group>"; };
		BF9B602929C8384E00A23BF2 /* LisumError.swift */ = {isa = PBXFileReference; lastKnownFileType = sourcecode.swift; path = LisumError.swift; sourceTree = "<group>"; };
		BF9B602D29C83B6B00A23BF2 /* LisumTextField.swift */ = {isa = PBXFileReference; lastKnownFileType = sourcecode.swift; path = LisumTextField.swift; sourceTree = "<group>"; };
		BF9B602F29C83ED600A23BF2 /* MediaListViewController.swift */ = {isa = PBXFileReference; lastKnownFileType = sourcecode.swift; path = MediaListViewController.swift; sourceTree = "<group>"; };
		BF9B603129C8438500A23BF2 /* UIHelper.swift */ = {isa = PBXFileReference; lastKnownFileType = sourcecode.swift; path = UIHelper.swift; sourceTree = "<group>"; };
		BF9B603329C843C400A23BF2 /* MediaInfoCell.swift */ = {isa = PBXFileReference; lastKnownFileType = sourcecode.swift; path = MediaInfoCell.swift; sourceTree = "<group>"; };
		BF9B603529C8462400A23BF2 /* Constants.swift */ = {isa = PBXFileReference; lastKnownFileType = sourcecode.swift; path = Constants.swift; sourceTree = "<group>"; };
		BF9B603729C8465600A23BF2 /* AlbumCoverImageView.swift */ = {isa = PBXFileReference; lastKnownFileType = sourcecode.swift; path = AlbumCoverImageView.swift; sourceTree = "<group>"; };
		BF9B603929C8612200A23BF2 /* MediaListViewController2.swift */ = {isa = PBXFileReference; lastKnownFileType = sourcecode.swift; path = MediaListViewController2.swift; sourceTree = "<group>"; };
		BF9B603B29C8616D00A23BF2 /* MediaListTableViewCell.swift */ = {isa = PBXFileReference; lastKnownFileType = sourcecode.swift; path = MediaListTableViewCell.swift; sourceTree = "<group>"; };
		BF9B603E29C868FE00A23BF2 /* UIViewController+Ext.swift */ = {isa = PBXFileReference; lastKnownFileType = sourcecode.swift; path = "UIViewController+Ext.swift"; sourceTree = "<group>"; };
		BF9B604029C8693200A23BF2 /* LisumEmptyView.swift */ = {isa = PBXFileReference; lastKnownFileType = sourcecode.swift; path = LisumEmptyView.swift; sourceTree = "<group>"; };
		BF9B604229C8696200A23BF2 /* LisumTitleLabel.swift */ = {isa = PBXFileReference; lastKnownFileType = sourcecode.swift; path = LisumTitleLabel.swift; sourceTree = "<group>"; };
		BF9B604429C8B72200A23BF2 /* LisumAlertViewController.swift */ = {isa = PBXFileReference; lastKnownFileType = sourcecode.swift; path = LisumAlertViewController.swift; sourceTree = "<group>"; };
		BF9B604629C8B81700A23BF2 /* LisumContainerView.swift */ = {isa = PBXFileReference; lastKnownFileType = sourcecode.swift; path = LisumContainerView.swift; sourceTree = "<group>"; };
		BF9B604829C8B84300A23BF2 /* LisumBodyLabel.swift */ = {isa = PBXFileReference; lastKnownFileType = sourcecode.swift; path = LisumBodyLabel.swift; sourceTree = "<group>"; };
		BF9B604A29C8B87900A23BF2 /* LisumButton.swift */ = {isa = PBXFileReference; lastKnownFileType = sourcecode.swift; path = LisumButton.swift; sourceTree = "<group>"; };
		BF9B604E29C8BD4E00A23BF2 /* LoadingViewController.swift */ = {isa = PBXFileReference; lastKnownFileType = sourcecode.swift; path = LoadingViewController.swift; sourceTree = "<group>"; };
		BF9B605029C8BED400A23BF2 /* DotsAnimationView.swift */ = {isa = PBXFileReference; lastKnownFileType = sourcecode.swift; path = DotsAnimationView.swift; sourceTree = "<group>"; };
/* End PBXFileReference section */

/* Begin PBXFrameworksBuildPhase section */
		BF9B5FE929C8341200A23BF2 /* Frameworks */ = {
			isa = PBXFrameworksBuildPhase;
			buildActionMask = 2147483647;
			files = (
			);
			runOnlyForDeploymentPostprocessing = 0;
		};
		BF9B5FFF29C8341300A23BF2 /* Frameworks */ = {
			isa = PBXFrameworksBuildPhase;
			buildActionMask = 2147483647;
			files = (
			);
			runOnlyForDeploymentPostprocessing = 0;
		};
		BF9B600929C8341300A23BF2 /* Frameworks */ = {
			isa = PBXFrameworksBuildPhase;
			buildActionMask = 2147483647;
			files = (
			);
			runOnlyForDeploymentPostprocessing = 0;
		};
/* End PBXFrameworksBuildPhase section */

/* Begin PBXGroup section */
		BF9B5FE329C8341200A23BF2 = {
			isa = PBXGroup;
			children = (
				BF9B5FEE29C8341200A23BF2 /* Lisum */,
				BF9B600529C8341300A23BF2 /* LisumTests */,
				BF9B600F29C8341300A23BF2 /* LisumUITests */,
				BF9B5FED29C8341200A23BF2 /* Products */,
			);
			sourceTree = "<group>";
		};
		BF9B5FED29C8341200A23BF2 /* Products */ = {
			isa = PBXGroup;
			children = (
				BF9B5FEC29C8341200A23BF2 /* Lisum.app */,
				BF9B600229C8341300A23BF2 /* LisumTests.xctest */,
				BF9B600C29C8341300A23BF2 /* LisumUITests.xctest */,
			);
			name = Products;
			sourceTree = "<group>";
		};
		BF9B5FEE29C8341200A23BF2 /* Lisum */ = {
			isa = PBXGroup;
			children = (
				BF9B5FEF29C8341200A23BF2 /* AppDelegate.swift */,
				BF9B5FF129C8341200A23BF2 /* SceneDelegate.swift */,
				BF9B5FF829C8341300A23BF2 /* Assets.xcassets */,
				BF9B5FFA29C8341300A23BF2 /* LaunchScreen.storyboard */,
				BF9B5FFD29C8341300A23BF2 /* Info.plist */,
				BF9B602C29C83B4D00A23BF2 /* Components */,
				BF9B602B29C838C500A23BF2 /* ViewControllers */,
				BF9B602729C8380000A23BF2 /* Networking */,
				BF9B602629C837F600A23BF2 /* Model */,
				BF9B602829C8380E00A23BF2 /* Utilities */,
				BF9B603D29C868EF00A23BF2 /* Extensions */,
				BF9B601F29C8342B00A23BF2 /* NoUse */,
			);
			path = Lisum;
			sourceTree = "<group>";
		};
		BF9B600529C8341300A23BF2 /* LisumTests */ = {
			isa = PBXGroup;
			children = (
				BF9B600629C8341300A23BF2 /* LisumTests.swift */,
			);
			path = LisumTests;
			sourceTree = "<group>";
		};
		BF9B600F29C8341300A23BF2 /* LisumUITests */ = {
			isa = PBXGroup;
			children = (
				BF9B601029C8341300A23BF2 /* LisumUITests.swift */,
				BF9B601229C8341300A23BF2 /* LisumUITestsLaunchTests.swift */,
			);
			path = LisumUITests;
			sourceTree = "<group>";
		};
		BF9B601F29C8342B00A23BF2 /* NoUse */ = {
			isa = PBXGroup;
			children = (
				BF9B602F29C83ED600A23BF2 /* MediaListViewController.swift */,
				BF9B603329C843C400A23BF2 /* MediaInfoCell.swift */,
				BF9B5FF329C8341200A23BF2 /* ViewController.swift */,
				BF9B603129C8438500A23BF2 /* UIHelper.swift */,
				BF9B5FF529C8341200A23BF2 /* Main.storyboard */,
			);
			path = NoUse;
			sourceTree = "<group>";
		};
		BF9B602629C837F600A23BF2 /* Model */ = {
			isa = PBXGroup;
			children = (
				BF9B602429C837BA00A23BF2 /* SearchResult.swift */,
			);
			path = Model;
			sourceTree = "<group>";
		};
		BF9B602729C8380000A23BF2 /* Networking */ = {
			isa = PBXGroup;
			children = (
				BF9B602229C836D500A23BF2 /* NetworkManager.swift */,
			);
			name = Networking;
			sourceTree = "<group>";
		};
		BF9B602829C8380E00A23BF2 /* Utilities */ = {
			isa = PBXGroup;
			children = (
				BF9B602929C8384E00A23BF2 /* LisumError.swift */,
				BF9B603529C8462400A23BF2 /* Constants.swift */,
			);
			path = Utilities;
			sourceTree = "<group>";
		};
		BF9B602B29C838C500A23BF2 /* ViewControllers */ = {
			isa = PBXGroup;
			children = (
				BF9B602029C8344B00A23BF2 /* SearchViewController.swift */,
				BF9B603929C8612200A23BF2 /* MediaListViewController2.swift */,
				BF9B604429C8B72200A23BF2 /* LisumAlertViewController.swift */,
				BF9B604E29C8BD4E00A23BF2 /* LoadingViewController.swift */,
				BF98847B29CC3739009D7188 /* DetailViewController.swift */,
			);
			path = ViewControllers;
			sourceTree = "<group>";
		};
		BF9B602C29C83B4D00A23BF2 /* Components */ = {
			isa = PBXGroup;
			children = (
				BF9B604D29C8B8B000A23BF2 /* Views */,
				BF9B604C29C8B89000A23BF2 /* Labels */,
				BF9B602D29C83B6B00A23BF2 /* LisumTextField.swift */,
				BF9B603B29C8616D00A23BF2 /* MediaListTableViewCell.swift */,
				BF9B603729C8465600A23BF2 /* AlbumCoverImageView.swift */,
				BF9B604A29C8B87900A23BF2 /* LisumButton.swift */,
			);
			path = Components;
			sourceTree = "<group>";
		};
		BF9B603D29C868EF00A23BF2 /* Extensions */ = {
			isa = PBXGroup;
			children = (
				BF9B603E29C868FE00A23BF2 /* UIViewController+Ext.swift */,
				BF0529B229C997060063880C /* UITextField+Ext.swift */,
			);
			path = Extensions;
			sourceTree = "<group>";
		};
		BF9B604C29C8B89000A23BF2 /* Labels */ = {
			isa = PBXGroup;
			children = (
				BF9B604829C8B84300A23BF2 /* LisumBodyLabel.swift */,
				BF9B604229C8696200A23BF2 /* LisumTitleLabel.swift */,
			);
			path = Labels;
			sourceTree = "<group>";
		};
		BF9B604D29C8B8B000A23BF2 /* Views */ = {
			isa = PBXGroup;
			children = (
				BF9B604029C8693200A23BF2 /* LisumEmptyView.swift */,
				BF9B604629C8B81700A23BF2 /* LisumContainerView.swift */,
				BF9B605029C8BED400A23BF2 /* DotsAnimationView.swift */,
			);
			path = Views;
			sourceTree = "<group>";
		};
/* End PBXGroup section */

/* Begin PBXNativeTarget section */
		BF9B5FEB29C8341200A23BF2 /* Lisum */ = {
			isa = PBXNativeTarget;
			buildConfigurationList = BF9B601629C8341300A23BF2 /* Build configuration list for PBXNativeTarget "Lisum" */;
			buildPhases = (
				BF9B5FE829C8341200A23BF2 /* Sources */,
				BF9B5FE929C8341200A23BF2 /* Frameworks */,
				BF9B5FEA29C8341200A23BF2 /* Resources */,
			);
			buildRules = (
			);
			dependencies = (
			);
			name = Lisum;
			productName = Lisum;
			productReference = BF9B5FEC29C8341200A23BF2 /* Lisum.app */;
			productType = "com.apple.product-type.application";
		};
		BF9B600129C8341300A23BF2 /* LisumTests */ = {
			isa = PBXNativeTarget;
			buildConfigurationList = BF9B601929C8341300A23BF2 /* Build configuration list for PBXNativeTarget "LisumTests" */;
			buildPhases = (
				BF9B5FFE29C8341300A23BF2 /* Sources */,
				BF9B5FFF29C8341300A23BF2 /* Frameworks */,
				BF9B600029C8341300A23BF2 /* Resources */,
			);
			buildRules = (
			);
			dependencies = (
				BF9B600429C8341300A23BF2 /* PBXTargetDependency */,
			);
			name = LisumTests;
			productName = LisumTests;
			productReference = BF9B600229C8341300A23BF2 /* LisumTests.xctest */;
			productType = "com.apple.product-type.bundle.unit-test";
		};
		BF9B600B29C8341300A23BF2 /* LisumUITests */ = {
			isa = PBXNativeTarget;
			buildConfigurationList = BF9B601C29C8341300A23BF2 /* Build configuration list for PBXNativeTarget "LisumUITests" */;
			buildPhases = (
				BF9B600829C8341300A23BF2 /* Sources */,
				BF9B600929C8341300A23BF2 /* Frameworks */,
				BF9B600A29C8341300A23BF2 /* Resources */,
			);
			buildRules = (
			);
			dependencies = (
				BF9B600E29C8341300A23BF2 /* PBXTargetDependency */,
			);
			name = LisumUITests;
			productName = LisumUITests;
			productReference = BF9B600C29C8341300A23BF2 /* LisumUITests.xctest */;
			productType = "com.apple.product-type.bundle.ui-testing";
		};
/* End PBXNativeTarget section */

/* Begin PBXProject section */
		BF9B5FE429C8341200A23BF2 /* Project object */ = {
			isa = PBXProject;
			attributes = {
				BuildIndependentTargetsInParallel = 1;
				LastSwiftUpdateCheck = 1420;
				LastUpgradeCheck = 1420;
				TargetAttributes = {
					BF9B5FEB29C8341200A23BF2 = {
						CreatedOnToolsVersion = 14.2;
					};
					BF9B600129C8341300A23BF2 = {
						CreatedOnToolsVersion = 14.2;
						TestTargetID = BF9B5FEB29C8341200A23BF2;
					};
					BF9B600B29C8341300A23BF2 = {
						CreatedOnToolsVersion = 14.2;
						TestTargetID = BF9B5FEB29C8341200A23BF2;
					};
				};
			};
			buildConfigurationList = BF9B5FE729C8341200A23BF2 /* Build configuration list for PBXProject "Lisum" */;
			compatibilityVersion = "Xcode 14.0";
			developmentRegion = en;
			hasScannedForEncodings = 0;
			knownRegions = (
				en,
				Base,
			);
			mainGroup = BF9B5FE329C8341200A23BF2;
			productRefGroup = BF9B5FED29C8341200A23BF2 /* Products */;
			projectDirPath = "";
			projectRoot = "";
			targets = (
				BF9B5FEB29C8341200A23BF2 /* Lisum */,
				BF9B600129C8341300A23BF2 /* LisumTests */,
				BF9B600B29C8341300A23BF2 /* LisumUITests */,
			);
		};
/* End PBXProject section */

/* Begin PBXResourcesBuildPhase section */
		BF9B5FEA29C8341200A23BF2 /* Resources */ = {
			isa = PBXResourcesBuildPhase;
			buildActionMask = 2147483647;
			files = (
				BF9B5FFC29C8341300A23BF2 /* LaunchScreen.storyboard in Resources */,
				BF9B5FF929C8341300A23BF2 /* Assets.xcassets in Resources */,
				BF9B5FF729C8341200A23BF2 /* Main.storyboard in Resources */,
			);
			runOnlyForDeploymentPostprocessing = 0;
		};
		BF9B600029C8341300A23BF2 /* Resources */ = {
			isa = PBXResourcesBuildPhase;
			buildActionMask = 2147483647;
			files = (
			);
			runOnlyForDeploymentPostprocessing = 0;
		};
		BF9B600A29C8341300A23BF2 /* Resources */ = {
			isa = PBXResourcesBuildPhase;
			buildActionMask = 2147483647;
			files = (
			);
			runOnlyForDeploymentPostprocessing = 0;
		};
/* End PBXResourcesBuildPhase section */

/* Begin PBXSourcesBuildPhase section */
		BF9B5FE829C8341200A23BF2 /* Sources */ = {
			isa = PBXSourcesBuildPhase;
			buildActionMask = 2147483647;
			files = (
				BF9B5FF429C8341200A23BF2 /* ViewController.swift in Sources */,
				BF9B603029C83ED600A23BF2 /* MediaListViewController.swift in Sources */,
				BF9B604129C8693200A23BF2 /* LisumEmptyView.swift in Sources */,
				BF9B603A29C8612200A23BF2 /* MediaListViewController2.swift in Sources */,
				BF9B5FF029C8341200A23BF2 /* AppDelegate.swift in Sources */,
				BF9B603229C8438500A23BF2 /* UIHelper.swift in Sources */,
				BF0529B329C997060063880C /* UITextField+Ext.swift in Sources */,
				BF9B602E29C83B6B00A23BF2 /* LisumTextField.swift in Sources */,
				BF9B602529C837BA00A23BF2 /* SearchResult.swift in Sources */,
				BF9B604929C8B84300A23BF2 /* LisumBodyLabel.swift in Sources */,
				BF9B602329C836D500A23BF2 /* NetworkManager.swift in Sources */,
				BF9B604B29C8B87900A23BF2 /* LisumButton.swift in Sources */,
				BF9B602129C8344B00A23BF2 /* SearchViewController.swift in Sources */,
				BF98847C29CC3739009D7188 /* DetailViewController.swift in Sources */,
				BF9B602A29C8384E00A23BF2 /* LisumError.swift in Sources */,
				BF9B604F29C8BD4E00A23BF2 /* LoadingViewController.swift in Sources */,
				BF9B603429C843C400A23BF2 /* MediaInfoCell.swift in Sources */,
				BF9B605129C8BED400A23BF2 /* DotsAnimationView.swift in Sources */,
				BF9B604329C8696200A23BF2 /* LisumTitleLabel.swift in Sources */,
				BF9B5FF229C8341200A23BF2 /* SceneDelegate.swift in Sources */,
				BF9B603C29C8616D00A23BF2 /* MediaListTableViewCell.swift in Sources */,
				BF9B603629C8462400A23BF2 /* Constants.swift in Sources */,
				BF9B603F29C868FE00A23BF2 /* UIViewController+Ext.swift in Sources */,
				BF9B604529C8B72200A23BF2 /* LisumAlertViewController.swift in Sources */,
				BF9B603829C8465600A23BF2 /* AlbumCoverImageView.swift in Sources */,
				BF9B604729C8B81700A23BF2 /* LisumContainerView.swift in Sources */,
			);
			runOnlyForDeploymentPostprocessing = 0;
		};
		BF9B5FFE29C8341300A23BF2 /* Sources */ = {
			isa = PBXSourcesBuildPhase;
			buildActionMask = 2147483647;
			files = (
				BF9B600729C8341300A23BF2 /* LisumTests.swift in Sources */,
			);
			runOnlyForDeploymentPostprocessing = 0;
		};
		BF9B600829C8341300A23BF2 /* Sources */ = {
			isa = PBXSourcesBuildPhase;
			buildActionMask = 2147483647;
			files = (
				BF9B601129C8341300A23BF2 /* LisumUITests.swift in Sources */,
				BF9B601329C8341300A23BF2 /* LisumUITestsLaunchTests.swift in Sources */,
			);
			runOnlyForDeploymentPostprocessing = 0;
		};
/* End PBXSourcesBuildPhase section */

/* Begin PBXTargetDependency section */
		BF9B600429C8341300A23BF2 /* PBXTargetDependency */ = {
			isa = PBXTargetDependency;
			target = BF9B5FEB29C8341200A23BF2 /* Lisum */;
			targetProxy = BF9B600329C8341300A23BF2 /* PBXContainerItemProxy */;
		};
		BF9B600E29C8341300A23BF2 /* PBXTargetDependency */ = {
			isa = PBXTargetDependency;
			target = BF9B5FEB29C8341200A23BF2 /* Lisum */;
			targetProxy = BF9B600D29C8341300A23BF2 /* PBXContainerItemProxy */;
		};
/* End PBXTargetDependency section */

/* Begin PBXVariantGroup section */
		BF9B5FF529C8341200A23BF2 /* Main.storyboard */ = {
			isa = PBXVariantGroup;
			children = (
				BF9B5FF629C8341200A23BF2 /* Base */,
			);
			name = Main.storyboard;
			sourceTree = "<group>";
		};
		BF9B5FFA29C8341300A23BF2 /* LaunchScreen.storyboard */ = {
			isa = PBXVariantGroup;
			children = (
				BF9B5FFB29C8341300A23BF2 /* Base */,
			);
			name = LaunchScreen.storyboard;
			sourceTree = "<group>";
		};
/* End PBXVariantGroup section */

/* Begin XCBuildConfiguration section */
		BF9B601429C8341300A23BF2 /* Debug */ = {
			isa = XCBuildConfiguration;
			buildSettings = {
				ALWAYS_SEARCH_USER_PATHS = NO;
				CLANG_ANALYZER_NONNULL = YES;
				CLANG_ANALYZER_NUMBER_OBJECT_CONVERSION = YES_AGGRESSIVE;
				CLANG_CXX_LANGUAGE_STANDARD = "gnu++20";
				CLANG_ENABLE_MODULES = YES;
				CLANG_ENABLE_OBJC_ARC = YES;
				CLANG_ENABLE_OBJC_WEAK = YES;
				CLANG_WARN_BLOCK_CAPTURE_AUTORELEASING = YES;
				CLANG_WARN_BOOL_CONVERSION = YES;
				CLANG_WARN_COMMA = YES;
				CLANG_WARN_CONSTANT_CONVERSION = YES;
				CLANG_WARN_DEPRECATED_OBJC_IMPLEMENTATIONS = YES;
				CLANG_WARN_DIRECT_OBJC_ISA_USAGE = YES_ERROR;
				CLANG_WARN_DOCUMENTATION_COMMENTS = YES;
				CLANG_WARN_EMPTY_BODY = YES;
				CLANG_WARN_ENUM_CONVERSION = YES;
				CLANG_WARN_INFINITE_RECURSION = YES;
				CLANG_WARN_INT_CONVERSION = YES;
				CLANG_WARN_NON_LITERAL_NULL_CONVERSION = YES;
				CLANG_WARN_OBJC_IMPLICIT_RETAIN_SELF = YES;
				CLANG_WARN_OBJC_LITERAL_CONVERSION = YES;
				CLANG_WARN_OBJC_ROOT_CLASS = YES_ERROR;
				CLANG_WARN_QUOTED_INCLUDE_IN_FRAMEWORK_HEADER = YES;
				CLANG_WARN_RANGE_LOOP_ANALYSIS = YES;
				CLANG_WARN_STRICT_PROTOTYPES = YES;
				CLANG_WARN_SUSPICIOUS_MOVE = YES;
				CLANG_WARN_UNGUARDED_AVAILABILITY = YES_AGGRESSIVE;
				CLANG_WARN_UNREACHABLE_CODE = YES;
				CLANG_WARN__DUPLICATE_METHOD_MATCH = YES;
				COPY_PHASE_STRIP = NO;
				DEBUG_INFORMATION_FORMAT = dwarf;
				ENABLE_STRICT_OBJC_MSGSEND = YES;
				ENABLE_TESTABILITY = YES;
				GCC_C_LANGUAGE_STANDARD = gnu11;
				GCC_DYNAMIC_NO_PIC = NO;
				GCC_NO_COMMON_BLOCKS = YES;
				GCC_OPTIMIZATION_LEVEL = 0;
				GCC_PREPROCESSOR_DEFINITIONS = (
					"DEBUG=1",
					"$(inherited)",
				);
				GCC_WARN_64_TO_32_BIT_CONVERSION = YES;
				GCC_WARN_ABOUT_RETURN_TYPE = YES_ERROR;
				GCC_WARN_UNDECLARED_SELECTOR = YES;
				GCC_WARN_UNINITIALIZED_AUTOS = YES_AGGRESSIVE;
				GCC_WARN_UNUSED_FUNCTION = YES;
				GCC_WARN_UNUSED_VARIABLE = YES;
				IPHONEOS_DEPLOYMENT_TARGET = 16.2;
				MTL_ENABLE_DEBUG_INFO = INCLUDE_SOURCE;
				MTL_FAST_MATH = YES;
				ONLY_ACTIVE_ARCH = YES;
				SDKROOT = iphoneos;
				SWIFT_ACTIVE_COMPILATION_CONDITIONS = DEBUG;
				SWIFT_OPTIMIZATION_LEVEL = "-Onone";
			};
			name = Debug;
		};
		BF9B601529C8341300A23BF2 /* Release */ = {
			isa = XCBuildConfiguration;
			buildSettings = {
				ALWAYS_SEARCH_USER_PATHS = NO;
				CLANG_ANALYZER_NONNULL = YES;
				CLANG_ANALYZER_NUMBER_OBJECT_CONVERSION = YES_AGGRESSIVE;
				CLANG_CXX_LANGUAGE_STANDARD = "gnu++20";
				CLANG_ENABLE_MODULES = YES;
				CLANG_ENABLE_OBJC_ARC = YES;
				CLANG_ENABLE_OBJC_WEAK = YES;
				CLANG_WARN_BLOCK_CAPTURE_AUTORELEASING = YES;
				CLANG_WARN_BOOL_CONVERSION = YES;
				CLANG_WARN_COMMA = YES;
				CLANG_WARN_CONSTANT_CONVERSION = YES;
				CLANG_WARN_DEPRECATED_OBJC_IMPLEMENTATIONS = YES;
				CLANG_WARN_DIRECT_OBJC_ISA_USAGE = YES_ERROR;
				CLANG_WARN_DOCUMENTATION_COMMENTS = YES;
				CLANG_WARN_EMPTY_BODY = YES;
				CLANG_WARN_ENUM_CONVERSION = YES;
				CLANG_WARN_INFINITE_RECURSION = YES;
				CLANG_WARN_INT_CONVERSION = YES;
				CLANG_WARN_NON_LITERAL_NULL_CONVERSION = YES;
				CLANG_WARN_OBJC_IMPLICIT_RETAIN_SELF = YES;
				CLANG_WARN_OBJC_LITERAL_CONVERSION = YES;
				CLANG_WARN_OBJC_ROOT_CLASS = YES_ERROR;
				CLANG_WARN_QUOTED_INCLUDE_IN_FRAMEWORK_HEADER = YES;
				CLANG_WARN_RANGE_LOOP_ANALYSIS = YES;
				CLANG_WARN_STRICT_PROTOTYPES = YES;
				CLANG_WARN_SUSPICIOUS_MOVE = YES;
				CLANG_WARN_UNGUARDED_AVAILABILITY = YES_AGGRESSIVE;
				CLANG_WARN_UNREACHABLE_CODE = YES;
				CLANG_WARN__DUPLICATE_METHOD_MATCH = YES;
				COPY_PHASE_STRIP = NO;
				DEBUG_INFORMATION_FORMAT = "dwarf-with-dsym";
				ENABLE_NS_ASSERTIONS = NO;
				ENABLE_STRICT_OBJC_MSGSEND = YES;
				GCC_C_LANGUAGE_STANDARD = gnu11;
				GCC_NO_COMMON_BLOCKS = YES;
				GCC_WARN_64_TO_32_BIT_CONVERSION = YES;
				GCC_WARN_ABOUT_RETURN_TYPE = YES_ERROR;
				GCC_WARN_UNDECLARED_SELECTOR = YES;
				GCC_WARN_UNINITIALIZED_AUTOS = YES_AGGRESSIVE;
				GCC_WARN_UNUSED_FUNCTION = YES;
				GCC_WARN_UNUSED_VARIABLE = YES;
				IPHONEOS_DEPLOYMENT_TARGET = 16.2;
				MTL_ENABLE_DEBUG_INFO = NO;
				MTL_FAST_MATH = YES;
				SDKROOT = iphoneos;
				SWIFT_COMPILATION_MODE = wholemodule;
				SWIFT_OPTIMIZATION_LEVEL = "-O";
				VALIDATE_PRODUCT = YES;
			};
			name = Release;
		};
		BF9B601729C8341300A23BF2 /* Debug */ = {
			isa = XCBuildConfiguration;
			buildSettings = {
				ASSETCATALOG_COMPILER_APPICON_NAME = AppIcon;
				ASSETCATALOG_COMPILER_GLOBAL_ACCENT_COLOR_NAME = AccentColor;
				CODE_SIGN_STYLE = Automatic;
				CURRENT_PROJECT_VERSION = 1;
				DEVELOPMENT_TEAM = 9T3DK8DFL5;
				GENERATE_INFOPLIST_FILE = YES;
				INFOPLIST_FILE = Lisum/Info.plist;
				INFOPLIST_KEY_UIApplicationSupportsIndirectInputEvents = YES;
				INFOPLIST_KEY_UILaunchStoryboardName = LaunchScreen;
				INFOPLIST_KEY_UISupportedInterfaceOrientations_iPad = "UIInterfaceOrientationPortrait UIInterfaceOrientationPortraitUpsideDown UIInterfaceOrientationLandscapeLeft UIInterfaceOrientationLandscapeRight";
				INFOPLIST_KEY_UISupportedInterfaceOrientations_iPhone = "UIInterfaceOrientationPortrait UIInterfaceOrientationLandscapeLeft UIInterfaceOrientationLandscapeRight";
				LD_RUNPATH_SEARCH_PATHS = (
					"$(inherited)",
					"@executable_path/Frameworks",
				);
				MARKETING_VERSION = 1.0;
				PRODUCT_BUNDLE_IDENTIFIER = terrykuo.co.Lisum;
				PRODUCT_NAME = "$(TARGET_NAME)";
				SWIFT_EMIT_LOC_STRINGS = YES;
				SWIFT_VERSION = 5.0;
				TARGETED_DEVICE_FAMILY = "1,2";
			};
			name = Debug;
		};
		BF9B601829C8341300A23BF2 /* Release */ = {
			isa = XCBuildConfiguration;
			buildSettings = {
				ASSETCATALOG_COMPILER_APPICON_NAME = AppIcon;
				ASSETCATALOG_COMPILER_GLOBAL_ACCENT_COLOR_NAME = AccentColor;
				CODE_SIGN_STYLE = Automatic;
				CURRENT_PROJECT_VERSION = 1;
				DEVELOPMENT_TEAM = 9T3DK8DFL5;
				GENERATE_INFOPLIST_FILE = YES;
				INFOPLIST_FILE = Lisum/Info.plist;
				INFOPLIST_KEY_UIApplicationSupportsIndirectInputEvents = YES;
				INFOPLIST_KEY_UILaunchStoryboardName = LaunchScreen;
				INFOPLIST_KEY_UISupportedInterfaceOrientations_iPad = "UIInterfaceOrientationPortrait UIInterfaceOrientationPortraitUpsideDown UIInterfaceOrientationLandscapeLeft UIInterfaceOrientationLandscapeRight";
				INFOPLIST_KEY_UISupportedInterfaceOrientations_iPhone = "UIInterfaceOrientationPortrait UIInterfaceOrientationLandscapeLeft UIInterfaceOrientationLandscapeRight";
				LD_RUNPATH_SEARCH_PATHS = (
					"$(inherited)",
					"@executable_path/Frameworks",
				);
				MARKETING_VERSION = 1.0;
				PRODUCT_BUNDLE_IDENTIFIER = terrykuo.co.Lisum;
				PRODUCT_NAME = "$(TARGET_NAME)";
				SWIFT_EMIT_LOC_STRINGS = YES;
				SWIFT_VERSION = 5.0;
				TARGETED_DEVICE_FAMILY = "1,2";
			};
			name = Release;
		};
		BF9B601A29C8341300A23BF2 /* Debug */ = {
			isa = XCBuildConfiguration;
			buildSettings = {
				ALWAYS_EMBED_SWIFT_STANDARD_LIBRARIES = YES;
				BUNDLE_LOADER = "$(TEST_HOST)";
				CODE_SIGN_STYLE = Automatic;
				CURRENT_PROJECT_VERSION = 1;
				DEVELOPMENT_TEAM = 9T3DK8DFL5;
				GENERATE_INFOPLIST_FILE = YES;
				IPHONEOS_DEPLOYMENT_TARGET = 16.2;
				MARKETING_VERSION = 1.0;
				PRODUCT_BUNDLE_IDENTIFIER = terrykuo.co.LisumTests;
				PRODUCT_NAME = "$(TARGET_NAME)";
				SWIFT_EMIT_LOC_STRINGS = NO;
				SWIFT_VERSION = 5.0;
				TARGETED_DEVICE_FAMILY = "1,2";
				TEST_HOST = "$(BUILT_PRODUCTS_DIR)/Lisum.app/$(BUNDLE_EXECUTABLE_FOLDER_PATH)/Lisum";
			};
			name = Debug;
		};
		BF9B601B29C8341300A23BF2 /* Release */ = {
			isa = XCBuildConfiguration;
			buildSettings = {
				ALWAYS_EMBED_SWIFT_STANDARD_LIBRARIES = YES;
				BUNDLE_LOADER = "$(TEST_HOST)";
				CODE_SIGN_STYLE = Automatic;
				CURRENT_PROJECT_VERSION = 1;
				DEVELOPMENT_TEAM = 9T3DK8DFL5;
				GENERATE_INFOPLIST_FILE = YES;
				IPHONEOS_DEPLOYMENT_TARGET = 16.2;
				MARKETING_VERSION = 1.0;
				PRODUCT_BUNDLE_IDENTIFIER = terrykuo.co.LisumTests;
				PRODUCT_NAME = "$(TARGET_NAME)";
				SWIFT_EMIT_LOC_STRINGS = NO;
				SWIFT_VERSION = 5.0;
				TARGETED_DEVICE_FAMILY = "1,2";
				TEST_HOST = "$(BUILT_PRODUCTS_DIR)/Lisum.app/$(BUNDLE_EXECUTABLE_FOLDER_PATH)/Lisum";
			};
			name = Release;
		};
		BF9B601D29C8341300A23BF2 /* Debug */ = {
			isa = XCBuildConfiguration;
			buildSettings = {
				ALWAYS_EMBED_SWIFT_STANDARD_LIBRARIES = YES;
				CODE_SIGN_STYLE = Automatic;
				CURRENT_PROJECT_VERSION = 1;
				DEVELOPMENT_TEAM = 9T3DK8DFL5;
				GENERATE_INFOPLIST_FILE = YES;
				MARKETING_VERSION = 1.0;
				PRODUCT_BUNDLE_IDENTIFIER = terrykuo.co.LisumUITests;
				PRODUCT_NAME = "$(TARGET_NAME)";
				SWIFT_EMIT_LOC_STRINGS = NO;
				SWIFT_VERSION = 5.0;
				TARGETED_DEVICE_FAMILY = "1,2";
				TEST_TARGET_NAME = Lisum;
			};
			name = Debug;
		};
		BF9B601E29C8341300A23BF2 /* Release */ = {
			isa = XCBuildConfiguration;
			buildSettings = {
				ALWAYS_EMBED_SWIFT_STANDARD_LIBRARIES = YES;
				CODE_SIGN_STYLE = Automatic;
				CURRENT_PROJECT_VERSION = 1;
				DEVELOPMENT_TEAM = 9T3DK8DFL5;
				GENERATE_INFOPLIST_FILE = YES;
				MARKETING_VERSION = 1.0;
				PRODUCT_BUNDLE_IDENTIFIER = terrykuo.co.LisumUITests;
				PRODUCT_NAME = "$(TARGET_NAME)";
				SWIFT_EMIT_LOC_STRINGS = NO;
				SWIFT_VERSION = 5.0;
				TARGETED_DEVICE_FAMILY = "1,2";
				TEST_TARGET_NAME = Lisum;
			};
			name = Release;
		};
/* End XCBuildConfiguration section */

/* Begin XCConfigurationList section */
		BF9B5FE729C8341200A23BF2 /* Build configuration list for PBXProject "Lisum" */ = {
			isa = XCConfigurationList;
			buildConfigurations = (
				BF9B601429C8341300A23BF2 /* Debug */,
				BF9B601529C8341300A23BF2 /* Release */,
			);
			defaultConfigurationIsVisible = 0;
			defaultConfigurationName = Release;
		};
		BF9B601629C8341300A23BF2 /* Build configuration list for PBXNativeTarget "Lisum" */ = {
			isa = XCConfigurationList;
			buildConfigurations = (
				BF9B601729C8341300A23BF2 /* Debug */,
				BF9B601829C8341300A23BF2 /* Release */,
			);
			defaultConfigurationIsVisible = 0;
			defaultConfigurationName = Release;
		};
		BF9B601929C8341300A23BF2 /* Build configuration list for PBXNativeTarget "LisumTests" */ = {
			isa = XCConfigurationList;
			buildConfigurations = (
				BF9B601A29C8341300A23BF2 /* Debug */,
				BF9B601B29C8341300A23BF2 /* Release */,
			);
			defaultConfigurationIsVisible = 0;
			defaultConfigurationName = Release;
		};
		BF9B601C29C8341300A23BF2 /* Build configuration list for PBXNativeTarget "LisumUITests" */ = {
			isa = XCConfigurationList;
			buildConfigurations = (
				BF9B601D29C8341300A23BF2 /* Debug */,
				BF9B601E29C8341300A23BF2 /* Release */,
			);
			defaultConfigurationIsVisible = 0;
			defaultConfigurationName = Release;
		};
/* End XCConfigurationList section */
	};
	rootObject = BF9B5FE429C8341200A23BF2 /* Project object */;
}
